
Microsoft Visual Studio Solution File, Format Version 12.00
# Visual Studio 15
VisualStudioVersion = 15.0.28010.2041
MinimumVisualStudioVersion = 10.0.40219.1
Project("{FAE04EC0-301F-11D3-BF4B-00C04F79EFBC}") = "L1Q2", "L1Q2\L1Q2.csproj", "{E6A2AE31-228F-4754-848A-6F5C3C037D56}"
EndProject
Global
	GlobalSection(SolutionConfigurationPlatforms) = preSolution
		Debug|Any CPU = Debug|Any CPU
		Release|Any CPU = Release|Any CPU
	EndGlobalSection
	GlobalSection(ProjectConfigurationPlatforms) = postSolution
		{E6A2AE31-228F-4754-848A-6F5C3C037D56}.Debug|Any CPU.ActiveCfg = Debug|Any CPU
		{E6A2AE31-228F-4754-848A-6F5C3C037D56}.Debug|Any CPU.Build.0 = Debug|Any CPU
		{E6A2AE31-228F-4754-848A-6F5C3C037D56}.Release|Any CPU.ActiveCfg = Release|Any CPU
		{E6A2AE31-228F-4754-848A-6F5C3C037D56}.Release|Any CPU.Build.0 = Release|Any CPU
	EndGlobalSection
	GlobalSection(SolutionProperties) = preSolution
		HideSolutionNode = FALSE
	EndGlobalSection
	GlobalSection(ExtensibilityGlobals) = postSolution
		SolutionGuid = {57695969-FCDC-47D9-B7AF-B2BFB1A28CB3}
	EndGlobalSection
EndGlobal
